// !$*UTF8*$!
{
	archiveVersion = 1;
	classes = {
	};
	objectVersion = 50;
	objects = {

/* Begin PBXBuildFile section */
		D75A3E2C2243B42A008961A4 /* AppDelegate.swift in Sources */ = {isa = PBXBuildFile; fileRef = D75A3E2B2243B42A008961A4 /* AppDelegate.swift */; };
		D75A3E312243B42A008961A4 /* Main.storyboard in Resources */ = {isa = PBXBuildFile; fileRef = D75A3E2F2243B42A008961A4 /* Main.storyboard */; };
		D75A3E332243B42D008961A4 /* Assets.xcassets in Resources */ = {isa = PBXBuildFile; fileRef = D75A3E322243B42D008961A4 /* Assets.xcassets */; };
		D75A3E362243B42D008961A4 /* LaunchScreen.storyboard in Resources */ = {isa = PBXBuildFile; fileRef = D75A3E342243B42D008961A4 /* LaunchScreen.storyboard */; };
		D75A3E412243B4E0008961A4 /* LoginVC.swift in Sources */ = {isa = PBXBuildFile; fileRef = D75A3E402243B4E0008961A4 /* LoginVC.swift */; };
		D75A3E452243B82D008961A4 /* logInButtonView.swift in Sources */ = {isa = PBXBuildFile; fileRef = D75A3E442243B82D008961A4 /* logInButtonView.swift */; };
		D75A3E472243B91D008961A4 /* logInTextFieldView.swift in Sources */ = {isa = PBXBuildFile; fileRef = D75A3E462243B91D008961A4 /* logInTextFieldView.swift */; };
		D75A3E492243BA0E008961A4 /* LoginModel.swift in Sources */ = {isa = PBXBuildFile; fileRef = D75A3E482243BA0E008961A4 /* LoginModel.swift */; };
		D75A3E4B2245000C008961A4 /* UserModel.swift in Sources */ = {isa = PBXBuildFile; fileRef = D75A3E4A2245000C008961A4 /* UserModel.swift */; };
		D75A3E4D22450215008961A4 /* ClientApi.swift in Sources */ = {isa = PBXBuildFile; fileRef = D75A3E4C22450214008961A4 /* ClientApi.swift */; };
		D75A3E4F2248F57C008961A4 /* Constants.swift in Sources */ = {isa = PBXBuildFile; fileRef = D75A3E4E2248F57C008961A4 /* Constants.swift */; };
		D75A3E51224A5158008961A4 /* CustomView.swift in Sources */ = {isa = PBXBuildFile; fileRef = D75A3E50224A5158008961A4 /* CustomView.swift */; };
		D75A3E53224BA505008961A4 /* OnTheMapTabVC.swift in Sources */ = {isa = PBXBuildFile; fileRef = D75A3E52224BA505008961A4 /* OnTheMapTabVC.swift */; };
		D75A3E55224CEB4C008961A4 /* StudentInfo.swift in Sources */ = {isa = PBXBuildFile; fileRef = D75A3E54224CEB4C008961A4 /* StudentInfo.swift */; };
		D75A3E57224CEBAA008961A4 /* StudentsLocation.swift in Sources */ = {isa = PBXBuildFile; fileRef = D75A3E56224CEBAA008961A4 /* StudentsLocation.swift */; };
		D75A3E59224CEC07008961A4 /* StudentInformation.swift in Sources */ = {isa = PBXBuildFile; fileRef = D75A3E58224CEC07008961A4 /* StudentInformation.swift */; };
		D75A3E5B224CF462008961A4 /* PostingViewVC.swift in Sources */ = {isa = PBXBuildFile; fileRef = D75A3E5A224CF462008961A4 /* PostingViewVC.swift */; };
		D75A3E5D224E43B5008961A4 /* MapPinLocation.swift in Sources */ = {isa = PBXBuildFile; fileRef = D75A3E5C224E43B5008961A4 /* MapPinLocation.swift */; };
		D75A3E5F22522E30008961A4 /* Location.swift in Sources */ = {isa = PBXBuildFile; fileRef = D75A3E5E22522E30008961A4 /* Location.swift */; };
		D75A3E612252E06A008961A4 /* Extensions.swift in Sources */ = {isa = PBXBuildFile; fileRef = D75A3E602252E06A008961A4 /* Extensions.swift */; };
		D75A3E632254C904008961A4 /* MapViewVC.swift in Sources */ = {isa = PBXBuildFile; fileRef = D75A3E622254C904008961A4 /* MapViewVC.swift */; };
/* End PBXBuildFile section */

/* Begin PBXFileReference section */
		D75A3E282243B42A008961A4 /* On The Map.app */ = {isa = PBXFileReference; explicitFileType = wrapper.application; includeInIndex = 0; path = "On The Map.app"; sourceTree = BUILT_PRODUCTS_DIR; };
		D75A3E2B2243B42A008961A4 /* AppDelegate.swift */ = {isa = PBXFileReference; lastKnownFileType = sourcecode.swift; path = AppDelegate.swift; sourceTree = "<group>"; };
		D75A3E302243B42A008961A4 /* Base */ = {isa = PBXFileReference; lastKnownFileType = file.storyboard; name = Base; path = Base.lproj/Main.storyboard; sourceTree = "<group>"; };
		D75A3E322243B42D008961A4 /* Assets.xcassets */ = {isa = PBXFileReference; lastKnownFileType = folder.assetcatalog; path = Assets.xcassets; sourceTree = "<group>"; };
		D75A3E352243B42D008961A4 /* Base */ = {isa = PBXFileReference; lastKnownFileType = file.storyboard; name = Base; path = Base.lproj/LaunchScreen.storyboard; sourceTree = "<group>"; };
		D75A3E372243B42D008961A4 /* Info.plist */ = {isa = PBXFileReference; lastKnownFileType = text.plist.xml; path = Info.plist; sourceTree = "<group>"; };
		D75A3E402243B4E0008961A4 /* LoginVC.swift */ = {isa = PBXFileReference; lastKnownFileType = sourcecode.swift; path = LoginVC.swift; sourceTree = "<group>"; };
		D75A3E442243B82D008961A4 /* logInButtonView.swift */ = {isa = PBXFileReference; lastKnownFileType = sourcecode.swift; path = logInButtonView.swift; sourceTree = "<group>"; };
		D75A3E462243B91D008961A4 /* logInTextFieldView.swift */ = {isa = PBXFileReference; lastKnownFileType = sourcecode.swift; path = logInTextFieldView.swift; sourceTree = "<group>"; };
		D75A3E482243BA0E008961A4 /* LoginModel.swift */ = {isa = PBXFileReference; lastKnownFileType = sourcecode.swift; path = LoginModel.swift; sourceTree = "<group>"; };
		D75A3E4A2245000C008961A4 /* UserModel.swift */ = {isa = PBXFileReference; lastKnownFileType = sourcecode.swift; path = UserModel.swift; sourceTree = "<group>"; };
		D75A3E4C22450214008961A4 /* ClientApi.swift */ = {isa = PBXFileReference; lastKnownFileType = sourcecode.swift; path = ClientApi.swift; sourceTree = "<group>"; };
		D75A3E4E2248F57C008961A4 /* Constants.swift */ = {isa = PBXFileReference; lastKnownFileType = sourcecode.swift; path = Constants.swift; sourceTree = "<group>"; };
		D75A3E50224A5158008961A4 /* CustomView.swift */ = {isa = PBXFileReference; lastKnownFileType = sourcecode.swift; path = CustomView.swift; sourceTree = "<group>"; };
		D75A3E52224BA505008961A4 /* OnTheMapTabVC.swift */ = {isa = PBXFileReference; lastKnownFileType = sourcecode.swift; path = OnTheMapTabVC.swift; sourceTree = "<group>"; };
		D75A3E54224CEB4C008961A4 /* StudentInfo.swift */ = {isa = PBXFileReference; lastKnownFileType = sourcecode.swift; path = StudentInfo.swift; sourceTree = "<group>"; };
		D75A3E56224CEBAA008961A4 /* StudentsLocation.swift */ = {isa = PBXFileReference; lastKnownFileType = sourcecode.swift; path = StudentsLocation.swift; sourceTree = "<group>"; };
		D75A3E58224CEC07008961A4 /* StudentInformation.swift */ = {isa = PBXFileReference; lastKnownFileType = sourcecode.swift; path = StudentInformation.swift; sourceTree = "<group>"; };
		D75A3E5A224CF462008961A4 /* PostingViewVC.swift */ = {isa = PBXFileReference; lastKnownFileType = sourcecode.swift; path = PostingViewVC.swift; sourceTree = "<group>"; };
		D75A3E5C224E43B5008961A4 /* MapPinLocation.swift */ = {isa = PBXFileReference; lastKnownFileType = sourcecode.swift; path = MapPinLocation.swift; sourceTree = "<group>"; };
		D75A3E5E22522E30008961A4 /* Location.swift */ = {isa = PBXFileReference; lastKnownFileType = sourcecode.swift; path = Location.swift; sourceTree = "<group>"; };
		D75A3E602252E06A008961A4 /* Extensions.swift */ = {isa = PBXFileReference; lastKnownFileType = sourcecode.swift; path = Extensions.swift; sourceTree = "<group>"; };
		D75A3E622254C904008961A4 /* MapViewVC.swift */ = {isa = PBXFileReference; lastKnownFileType = sourcecode.swift; path = MapViewVC.swift; sourceTree = "<group>"; };
/* End PBXFileReference section */

/* Begin PBXFrameworksBuildPhase section */
		D75A3E252243B42A008961A4 /* Frameworks */ = {
			isa = PBXFrameworksBuildPhase;
			buildActionMask = 2147483647;
			files = (
			);
			runOnlyForDeploymentPostprocessing = 0;
		};
/* End PBXFrameworksBuildPhase section */

/* Begin PBXGroup section */
		D75A3E1F2243B42A008961A4 = {
			isa = PBXGroup;
			children = (
				D75A3E2A2243B42A008961A4 /* On The Map */,
				D75A3E292243B42A008961A4 /* Products */,
			);
			sourceTree = "<group>";
		};
		D75A3E292243B42A008961A4 /* Products */ = {
			isa = PBXGroup;
			children = (
				D75A3E282243B42A008961A4 /* On The Map.app */,
			);
			name = Products;
			sourceTree = "<group>";
		};
		D75A3E2A2243B42A008961A4 /* On The Map */ = {
			isa = PBXGroup;
			children = (
				D75A3E3F2243B48F008961A4 /* view */,
				D75A3E3E2243B484008961A4 /* controller */,
				D75A3E3D2243B47C008961A4 /* model */,
				D75A3E2B2243B42A008961A4 /* AppDelegate.swift */,
				D75A3E2F2243B42A008961A4 /* Main.storyboard */,
				D75A3E322243B42D008961A4 /* Assets.xcassets */,
				D75A3E342243B42D008961A4 /* LaunchScreen.storyboard */,
				D75A3E372243B42D008961A4 /* Info.plist */,
				D75A3E4E2248F57C008961A4 /* Constants.swift */,
				D75A3E602252E06A008961A4 /* Extensions.swift */,
			);
			path = "On The Map";
			sourceTree = "<group>";
		};
		D75A3E3D2243B47C008961A4 /* model */ = {
			isa = PBXGroup;
			children = (
				D75A3E482243BA0E008961A4 /* LoginModel.swift */,
				D75A3E4A2245000C008961A4 /* UserModel.swift */,
				D75A3E4C22450214008961A4 /* ClientApi.swift */,
				D75A3E54224CEB4C008961A4 /* StudentInfo.swift */,
				D75A3E56224CEBAA008961A4 /* StudentsLocation.swift */,
				D75A3E58224CEC07008961A4 /* StudentInformation.swift */,
				D75A3E5E22522E30008961A4 /* Location.swift */,
			);
			path = model;
			sourceTree = "<group>";
		};
		D75A3E3E2243B484008961A4 /* controller */ = {
			isa = PBXGroup;
			children = (
				D75A3E402243B4E0008961A4 /* LoginVC.swift */,
				D75A3E52224BA505008961A4 /* OnTheMapTabVC.swift */,
				D75A3E5A224CF462008961A4 /* PostingViewVC.swift */,
				D75A3E5C224E43B5008961A4 /* MapPinLocation.swift */,
				D75A3E622254C904008961A4 /* MapViewVC.swift */,
			);
			path = controller;
			sourceTree = "<group>";
		};
		D75A3E3F2243B48F008961A4 /* view */ = {
			isa = PBXGroup;
			children = (
				D75A3E442243B82D008961A4 /* logInButtonView.swift */,
				D75A3E462243B91D008961A4 /* logInTextFieldView.swift */,
				D75A3E50224A5158008961A4 /* CustomView.swift */,
			);
			path = view;
			sourceTree = "<group>";
		};
/* End PBXGroup section */

/* Begin PBXNativeTarget section */
		D75A3E272243B42A008961A4 /* On The Map */ = {
			isa = PBXNativeTarget;
			buildConfigurationList = D75A3E3A2243B42D008961A4 /* Build configuration list for PBXNativeTarget "On The Map" */;
			buildPhases = (
				D75A3E242243B42A008961A4 /* Sources */,
				D75A3E252243B42A008961A4 /* Frameworks */,
				D75A3E262243B42A008961A4 /* Resources */,
			);
			buildRules = (
			);
			dependencies = (
			);
			name = "On The Map";
			productName = "On The Map";
			productReference = D75A3E282243B42A008961A4 /* On The Map.app */;
			productType = "com.apple.product-type.application";
		};
/* End PBXNativeTarget section */

/* Begin PBXProject section */
		D75A3E202243B42A008961A4 /* Project object */ = {
			isa = PBXProject;
			attributes = {
				LastSwiftUpdateCheck = 1000;
				LastUpgradeCheck = 1000;
				ORGANIZATIONNAME = leonard;
				TargetAttributes = {
					D75A3E272243B42A008961A4 = {
						CreatedOnToolsVersion = 10.0;
					};
				};
			};
			buildConfigurationList = D75A3E232243B42A008961A4 /* Build configuration list for PBXProject "On The Map" */;
			compatibilityVersion = "Xcode 9.3";
			developmentRegion = en;
			hasScannedForEncodings = 0;
			knownRegions = (
				en,
				Base,
			);
			mainGroup = D75A3E1F2243B42A008961A4;
			productRefGroup = D75A3E292243B42A008961A4 /* Products */;
			projectDirPath = "";
			projectRoot = "";
			targets = (
				D75A3E272243B42A008961A4 /* On The Map */,
			);
		};
/* End PBXProject section */

/* Begin PBXResourcesBuildPhase section */
		D75A3E262243B42A008961A4 /* Resources */ = {
			isa = PBXResourcesBuildPhase;
			buildActionMask = 2147483647;
			files = (
				D75A3E362243B42D008961A4 /* LaunchScreen.storyboard in Resources */,
				D75A3E332243B42D008961A4 /* Assets.xcassets in Resources */,
				D75A3E312243B42A008961A4 /* Main.storyboard in Resources */,
			);
			runOnlyForDeploymentPostprocessing = 0;
		};
/* End PBXResourcesBuildPhase section */

/* Begin PBXSourcesBuildPhase section */
		D75A3E242243B42A008961A4 /* Sources */ = {
			isa = PBXSourcesBuildPhase;
			buildActionMask = 2147483647;
			files = (
				D75A3E57224CEBAA008961A4 /* StudentsLocation.swift in Sources */,
				D75A3E492243BA0E008961A4 /* LoginModel.swift in Sources */,
				D75A3E5F22522E30008961A4 /* Location.swift in Sources */,
				D75A3E472243B91D008961A4 /* logInTextFieldView.swift in Sources */,
				D75A3E632254C904008961A4 /* MapViewVC.swift in Sources */,
				D75A3E4D22450215008961A4 /* ClientApi.swift in Sources */,
				D75A3E51224A5158008961A4 /* CustomView.swift in Sources */,
				D75A3E55224CEB4C008961A4 /* StudentInfo.swift in Sources */,
				D75A3E5D224E43B5008961A4 /* MapPinLocation.swift in Sources */,
				D75A3E5B224CF462008961A4 /* PostingViewVC.swift in Sources */,
				D75A3E452243B82D008961A4 /* logInButtonView.swift in Sources */,
				D75A3E412243B4E0008961A4 /* LoginVC.swift in Sources */,
				D75A3E4B2245000C008961A4 /* UserModel.swift in Sources */,
				D75A3E2C2243B42A008961A4 /* AppDelegate.swift in Sources */,
				D75A3E59224CEC07008961A4 /* StudentInformation.swift in Sources */,
				D75A3E612252E06A008961A4 /* Extensions.swift in Sources */,
				D75A3E53224BA505008961A4 /* OnTheMapTabVC.swift in Sources */,
				D75A3E4F2248F57C008961A4 /* Constants.swift in Sources */,
			);
			runOnlyForDeploymentPostprocessing = 0;
		};
/* End PBXSourcesBuildPhase section */

/* Begin PBXVariantGroup section */
		D75A3E2F2243B42A008961A4 /* Main.storyboard */ = {
			isa = PBXVariantGroup;
			children = (
				D75A3E302243B42A008961A4 /* Base */,
			);
			name = Main.storyboard;
			sourceTree = "<group>";
		};
		D75A3E342243B42D008961A4 /* LaunchScreen.storyboard */ = {
			isa = PBXVariantGroup;
			children = (
				D75A3E352243B42D008961A4 /* Base */,
			);
			name = LaunchScreen.storyboard;
			sourceTree = "<group>";
		};
/* End PBXVariantGroup section */

/* Begin XCBuildConfiguration section */
		D75A3E382243B42D008961A4 /* Debug */ = {
			isa = XCBuildConfiguration;
			buildSettings = {
				ALWAYS_SEARCH_USER_PATHS = NO;
				CLANG_ANALYZER_NONNULL = YES;
				CLANG_ANALYZER_NUMBER_OBJECT_CONVERSION = YES_AGGRESSIVE;
				CLANG_CXX_LANGUAGE_STANDARD = "gnu++14";
				CLANG_CXX_LIBRARY = "libc++";
				CLANG_ENABLE_MODULES = YES;
				CLANG_ENABLE_OBJC_ARC = YES;
				CLANG_ENABLE_OBJC_WEAK = YES;
				CLANG_WARN_BLOCK_CAPTURE_AUTORELEASING = YES;
				CLANG_WARN_BOOL_CONVERSION = YES;
				CLANG_WARN_COMMA = YES;
				CLANG_WARN_CONSTANT_CONVERSION = YES;
				CLANG_WARN_DEPRECATED_OBJC_IMPLEMENTATIONS = YES;
				CLANG_WARN_DIRECT_OBJC_ISA_USAGE = YES_ERROR;
				CLANG_WARN_DOCUMENTATION_COMMENTS = YES;
				CLANG_WARN_EMPTY_BODY = YES;
				CLANG_WARN_ENUM_CONVERSION = YES;
				CLANG_WARN_INFINITE_RECURSION = YES;
				CLANG_WARN_INT_CONVERSION = YES;
				CLANG_WARN_NON_LITERAL_NULL_CONVERSION = YES;
				CLANG_WARN_OBJC_IMPLICIT_RETAIN_SELF = YES;
				CLANG_WARN_OBJC_LITERAL_CONVERSION = YES;
				CLANG_WARN_OBJC_ROOT_CLASS = YES_ERROR;
				CLANG_WARN_RANGE_LOOP_ANALYSIS = YES;
				CLANG_WARN_STRICT_PROTOTYPES = YES;
				CLANG_WARN_SUSPICIOUS_MOVE = YES;
				CLANG_WARN_UNGUARDED_AVAILABILITY = YES_AGGRESSIVE;
				CLANG_WARN_UNREACHABLE_CODE = YES;
				CLANG_WARN__DUPLICATE_METHOD_MATCH = YES;
				CODE_SIGN_IDENTITY = "iPhone Developer";
				COPY_PHASE_STRIP = NO;
				DEBUG_INFORMATION_FORMAT = dwarf;
				ENABLE_STRICT_OBJC_MSGSEND = YES;
				ENABLE_TESTABILITY = YES;
				GCC_C_LANGUAGE_STANDARD = gnu11;
				GCC_DYNAMIC_NO_PIC = NO;
				GCC_NO_COMMON_BLOCKS = YES;
				GCC_OPTIMIZATION_LEVEL = 0;
				GCC_PREPROCESSOR_DEFINITIONS = (
					"DEBUG=1",
					"$(inherited)",
				);
				GCC_WARN_64_TO_32_BIT_CONVERSION = YES;
				GCC_WARN_ABOUT_RETURN_TYPE = YES_ERROR;
				GCC_WARN_UNDECLARED_SELECTOR = YES;
				GCC_WARN_UNINITIALIZED_AUTOS = YES_AGGRESSIVE;
				GCC_WARN_UNUSED_FUNCTION = YES;
				GCC_WARN_UNUSED_VARIABLE = YES;
				IPHONEOS_DEPLOYMENT_TARGET = 12.0;
				MTL_ENABLE_DEBUG_INFO = INCLUDE_SOURCE;
				MTL_FAST_MATH = YES;
				ONLY_ACTIVE_ARCH = YES;
				SDKROOT = iphoneos;
				SWIFT_ACTIVE_COMPILATION_CONDITIONS = DEBUG;
				SWIFT_OPTIMIZATION_LEVEL = "-Onone";
			};
			name = Debug;
		};
		D75A3E392243B42D008961A4 /* Release */ = {
			isa = XCBuildConfiguration;
			buildSettings = {
				ALWAYS_SEARCH_USER_PATHS = NO;
				CLANG_ANALYZER_NONNULL = YES;
				CLANG_ANALYZER_NUMBER_OBJECT_CONVERSION = YES_AGGRESSIVE;
				CLANG_CXX_LANGUAGE_STANDARD = "gnu++14";
				CLANG_CXX_LIBRARY = "libc++";
				CLANG_ENABLE_MODULES = YES;
				CLANG_ENABLE_OBJC_ARC = YES;
				CLANG_ENABLE_OBJC_WEAK = YES;
				CLANG_WARN_BLOCK_CAPTURE_AUTORELEASING = YES;
				CLANG_WARN_BOOL_CONVERSION = YES;
				CLANG_WARN_COMMA = YES;
				CLANG_WARN_CONSTANT_CONVERSION = YES;
				CLANG_WARN_DEPRECATED_OBJC_IMPLEMENTATIONS = YES;
				CLANG_WARN_DIRECT_OBJC_ISA_USAGE = YES_ERROR;
				CLANG_WARN_DOCUMENTATION_COMMENTS = YES;
				CLANG_WARN_EMPTY_BODY = YES;
				CLANG_WARN_ENUM_CONVERSION = YES;
				CLANG_WARN_INFINITE_RECURSION = YES;
				CLANG_WARN_INT_CONVERSION = YES;
				CLANG_WARN_NON_LITERAL_NULL_CONVERSION = YES;
				CLANG_WARN_OBJC_IMPLICIT_RETAIN_SELF = YES;
				CLANG_WARN_OBJC_LITERAL_CONVERSION = YES;
				CLANG_WARN_OBJC_ROOT_CLASS = YES_ERROR;
				CLANG_WARN_RANGE_LOOP_ANALYSIS = YES;
				CLANG_WARN_STRICT_PROTOTYPES = YES;
				CLANG_WARN_SUSPICIOUS_MOVE = YES;
				CLANG_WARN_UNGUARDED_AVAILABILITY = YES_AGGRESSIVE;
				CLANG_WARN_UNREACHABLE_CODE = YES;
				CLANG_WARN__DUPLICATE_METHOD_MATCH = YES;
				CODE_SIGN_IDENTITY = "iPhone Developer";
				COPY_PHASE_STRIP = NO;
				DEBUG_INFORMATION_FORMAT = "dwarf-with-dsym";
				ENABLE_NS_ASSERTIONS = NO;
				ENABLE_STRICT_OBJC_MSGSEND = YES;
				GCC_C_LANGUAGE_STANDARD = gnu11;
				GCC_NO_COMMON_BLOCKS = YES;
				GCC_WARN_64_TO_32_BIT_CONVERSION = YES;
				GCC_WARN_ABOUT_RETURN_TYPE = YES_ERROR;
				GCC_WARN_UNDECLARED_SELECTOR = YES;
				GCC_WARN_UNINITIALIZED_AUTOS = YES_AGGRESSIVE;
				GCC_WARN_UNUSED_FUNCTION = YES;
				GCC_WARN_UNUSED_VARIABLE = YES;
				IPHONEOS_DEPLOYMENT_TARGET = 12.0;
				MTL_ENABLE_DEBUG_INFO = NO;
				MTL_FAST_MATH = YES;
				SDKROOT = iphoneos;
				SWIFT_COMPILATION_MODE = wholemodule;
				SWIFT_OPTIMIZATION_LEVEL = "-O";
				VALIDATE_PRODUCT = YES;
			};
			name = Release;
		};
		D75A3E3B2243B42D008961A4 /* Debug */ = {
			isa = XCBuildConfiguration;
			buildSettings = {
				ASSETCATALOG_COMPILER_APPICON_NAME = AppIcon;
				CODE_SIGN_STYLE = Automatic;
				INFOPLIST_FILE = "On The Map/Info.plist";
				LD_RUNPATH_SEARCH_PATHS = (
					"$(inherited)",
					"@executable_path/Frameworks",
				);
				PRODUCT_BUNDLE_IDENTIFIER = "com.leo.On-The-Map";
				PRODUCT_NAME = "$(TARGET_NAME)";
				SWIFT_VERSION = 4.2;
				TARGETED_DEVICE_FAMILY = "1,2";
			};
			name = Debug;
		};
		D75A3E3C2243B42D008961A4 /* Release */ = {
			isa = XCBuildConfiguration;
			buildSettings = {
				ASSETCATALOG_COMPILER_APPICON_NAME = AppIcon;
				CODE_SIGN_STYLE = Automatic;
				INFOPLIST_FILE = "On The Map/Info.plist";
				LD_RUNPATH_SEARCH_PATHS = (
					"$(inherited)",
					"@executable_path/Frameworks",
				);
				PRODUCT_BUNDLE_IDENTIFIER = "com.leo.On-The-Map";
				PRODUCT_NAME = "$(TARGET_NAME)";
				SWIFT_VERSION = 4.2;
				TARGETED_DEVICE_FAMILY = "1,2";
			};
			name = Release;
		};
/* End XCBuildConfiguration section */

/* Begin XCConfigurationList section */
		D75A3E232243B42A008961A4 /* Build configuration list for PBXProject "On The Map" */ = {
			isa = XCConfigurationList;
			buildConfigurations = (
				D75A3E382243B42D008961A4 /* Debug */,
				D75A3E392243B42D008961A4 /* Release */,
			);
			defaultConfigurationIsVisible = 0;
			defaultConfigurationName = Release;
		};
		D75A3E3A2243B42D008961A4 /* Build configuration list for PBXNativeTarget "On The Map" */ = {
			isa = XCConfigurationList;
			buildConfigurations = (
				D75A3E3B2243B42D008961A4 /* Debug */,
				D75A3E3C2243B42D008961A4 /* Release */,
			);
			defaultConfigurationIsVisible = 0;
			defaultConfigurationName = Release;
		};
/* End XCConfigurationList section */
	};
	rootObject = D75A3E202243B42A008961A4 /* Project object */;
}
