PODS:
  - Bolts (1.9.0):
    - Bolts/AppLinks (= 1.9.0)
    - Bolts/Tasks (= 1.9.0)
  - Bolts/AppLinks (1.9.0):
    - Bolts/Tasks
  - Bolts/Tasks (1.9.0)
  - FacebookCore (0.6.0):
    - Bolts (~> 1.9)
    - FBSDKCoreKit (~> 4.43)
  - FacebookLogin (0.6.0):
    - Bolts (~> 1.9)
    - FacebookCore (~> 0.5)
    - FBSDKCoreKit (~> 4.43)
    - FBSDKLoginKit (~> 4.43)
  - FacebookShare (0.6.1):
    - Bolts (~> 1.9)
    - FacebookCore (~> 0.5)
    - FBSDKCoreKit (~> 4.43)
    - FBSDKShareKit (~> 4.43)
  - FBSDKCoreKit (4.44.0):
    - Bolts (~> 1.9)
  - FBSDKLoginKit (4.44.0):
    - FBSDKCoreKit
  - FBSDKShareKit (4.43.0):
    - FBSDKCoreKit

DEPENDENCIES:
  - FacebookCore
  - FacebookLogin
  - FacebookShare

SPEC REPOS:
  https://github.com/cocoapods/specs.git:
    - Bolts
    - FacebookCore
    - FacebookLogin
    - FacebookShare
    - FBSDKCoreKit
    - FBSDKLoginKit
    - FBSDKShareKit

SPEC CHECKSUMS:
  Bolts: ac6567323eac61e203f6a9763667d0f711be34c8
  FacebookCore: 38cd3a4078738d6f648eb9b6b9d35b02d693e9a1
  FacebookLogin: 658b0569961a081a0890f5f4dbf69ced00657d9e
  FacebookShare: 84bccbc222fc09c839b851925ad6c295a4ab7840
  FBSDKCoreKit: 8bcd4503afe43f28823c2175a6142a7f50f1bf28
  FBSDKLoginKit: 93c5a407ab1a6a17b1b38cff57e89991f714d878
  FBSDKShareKit: 5216050ba1406c3ad5fafdc07ee87afa6a8d2942

PODFILE CHECKSUM: 3327f7528d78c6d1e74e2bfbde73c5395b535ed3

COCOAPODS: 1.6.1
